
Microsoft Visual Studio Solution File, Format Version 12.00
# Visual Studio Version 17
VisualStudioVersion = 17.7.34031.279
MinimumVisualStudioVersion = 10.0.40219.1
Project("{FAE04EC0-301F-11D3-BF4B-00C04F79EFBC}") = "Lab9Var15", "Lab9Var15\Lab9Var15.csproj", "{FD9FF7C5-D484-4E55-B88C-A063176FE2EE}"
EndProject
Global
	GlobalSection(SolutionConfigurationPlatforms) = preSolution
		Debug|Any CPU = Debug|Any CPU
		Release|Any CPU = Release|Any CPU
	EndGlobalSection
	GlobalSection(ProjectConfigurationPlatforms) = postSolution
		{FD9FF7C5-D484-4E55-B88C-A063176FE2EE}.Debug|Any CPU.ActiveCfg = Debug|Any CPU
		{FD9FF7C5-D484-4E55-B88C-A063176FE2EE}.Debug|Any CPU.Build.0 = Debug|Any CPU
		{FD9FF7C5-D484-4E55-B88C-A063176FE2EE}.Release|Any CPU.ActiveCfg = Release|Any CPU
		{FD9FF7C5-D484-4E55-B88C-A063176FE2EE}.Release|Any CPU.Build.0 = Release|Any CPU
	EndGlobalSection
	GlobalSection(SolutionProperties) = preSolution
		HideSolutionNode = FALSE
	EndGlobalSection
	GlobalSection(ExtensibilityGlobals) = postSolution
		SolutionGuid = {6590765B-DC44-491B-8AA6-BA529687BCE8}
	EndGlobalSection
EndGlobal
